
Microsoft Visual Studio Solution File, Format Version 12.00
# Visual Studio 2012
Project("{FAE04EC0-301F-11D3-BF4B-00C04F79EFBC}") = "RS2Server", "RS2Server.csproj", "{77BBD086-EB1C-4CB4-9283-C78722F093AF}"
EndProject
Global
	GlobalSection(SolutionConfigurationPlatforms) = preSolution
		Debug|Any CPU = Debug|Any CPU
		Release|Any CPU = Release|Any CPU
	EndGlobalSection
	GlobalSection(ProjectConfigurationPlatforms) = postSolution
		{77BBD086-EB1C-4CB4-9283-C78722F093AF}.Debug|Any CPU.ActiveCfg = Debug|Any CPU
		{77BBD086-EB1C-4CB4-9283-C78722F093AF}.Debug|Any CPU.Build.0 = Debug|Any CPU
		{77BBD086-EB1C-4CB4-9283-C78722F093AF}.Release|Any CPU.ActiveCfg = Release|Any CPU
		{77BBD086-EB1C-4CB4-9283-C78722F093AF}.Release|Any CPU.Build.0 = Release|Any CPU
	EndGlobalSection
	GlobalSection(SolutionProperties) = preSolution
		HideSolutionNode = FALSE
	EndGlobalSection
EndGlobal
